{
    "_readme": [
        "This file locks the dependencies of your project to a known state",
        "Read more about it at https://getcomposer.org/doc/01-basic-usage.md#composer-lock-the-lock-file",
        "This file is @generated automatically"
    ],
    "hash": "3746665dbb8a0fa039ee2c8d9ab7f0ae",
    "content-hash": "08f3a82742823dbfbeb947b524a63622",
    "packages": [
        {
            "name": "astakit/friwahl-admininterface",
            "version": "dev-master",
            "source": {
                "type": "git",
                "url": "https://github.com/asta-kit/AstaKit.FriWahl.AdminInterface.git",
                "reference": "4d203db62aece281301ba45157132dbb3fc010c8"
            },
            "dist": {
                "type": "zip",
                "url": "https://api.github.com/repos/asta-kit/AstaKit.FriWahl.AdminInterface/zipball/4d203db62aece281301ba45157132dbb3fc010c8",
                "reference": "4d203db62aece281301ba45157132dbb3fc010c8",
                "shasum": ""
            },
            "require": {
                "typo3/flow": "*"
            },
            "type": "typo3-flow-package",
            "autoload": {
                "psr-0": {
                    "AstaKit\\FriWahl\\AdminInterface": "Classes"
                }
            },
            "description": "Admin interface for FriWahl",
            "support": {
                "source": "https://github.com/asta-kit/AstaKit.FriWahl.AdminInterface/tree/master",
                "issues": "https://github.com/asta-kit/AstaKit.FriWahl.AdminInterface/issues"
            },
            "time": "2015-07-02 14:08:35"
        },
        {
            "name": "astakit/friwahl-ballotboxbackend",
            "version": "dev-master",
            "source": {
                "type": "git",
                "url": "https://github.com/asta-kit/AstaKit.FriWahl.BallotBoxBackend.git",
                "reference": "a4baed850d4f0913c5b7797abc413fe6a4cc1444"
            },
            "dist": {
                "type": "zip",
                "url": "https://api.github.com/repos/asta-kit/AstaKit.FriWahl.BallotBoxBackend/zipball/a4baed850d4f0913c5b7797abc413fe6a4cc1444",
                "reference": "a4baed850d4f0913c5b7797abc413fe6a4cc1444",
                "shasum": ""
            },
            "require": {
                "typo3/flow": "*"
            },
            "type": "typo3-flow-package",
            "autoload": {
                "psr-0": {
                    "AstaKit\\FriWahl\\BallotBoxBackend": "Classes"
                }
            },
            "description": "Server backend for ballot boxes in an election",
            "support": {
                "source": "https://github.com/asta-kit/AstaKit.FriWahl.BallotBoxBackend/tree/master",
                "issues": "https://github.com/asta-kit/AstaKit.FriWahl.BallotBoxBackend/issues"
            },
            "time": "2014-07-09 16:30:42"
        },
        {
            "name": "astakit/friwahl-core",
            "version": "dev-develop",
            "source": {
                "type": "git",
                "url": "https://github.com/asta-kit/AstaKit.FriWahl.Core.git",
                "reference": "8c66c2bf52f5ff46c9b9b1c28a09acfa92225877"
            },
            "dist": {
                "type": "zip",
                "url": "https://api.github.com/repos/asta-kit/AstaKit.FriWahl.Core/zipball/8c66c2bf52f5ff46c9b9b1c28a09acfa92225877",
                "reference": "8c66c2bf52f5ff46c9b9b1c28a09acfa92225877",
                "shasum": ""
            },
            "require": {
                "typo3/flow": "*"
            },
            "type": "typo3-flow-package",
            "autoload": {
                "psr-0": {
                    "AstaKit\\FriWahl\\Core": "Classes"
                }
            },
            "description": "Core components (data models, repositories, central services) for FriWahl",
            "support": {
                "source": "https://github.com/asta-kit/AstaKit.FriWahl.Core/tree/develop",
                "issues": "https://github.com/asta-kit/AstaKit.FriWahl.Core/issues"
            },
            "time": "2014-07-08 12:13:41"
        },
        {
            "name": "astakit/friwahl-voterdirectory",
            "version": "dev-master",
            "source": {
                "type": "git",
                "url": "https://github.com/asta-kit/AstaKit.FriWahl.VoterDirectory.git",
                "reference": "5603d2e3ba6462b3f9e1bd310118adf86542b48e"
            },
            "dist": {
                "type": "zip",
                "url": "https://api.github.com/repos/asta-kit/AstaKit.FriWahl.VoterDirectory/zipball/5603d2e3ba6462b3f9e1bd310118adf86542b48e",
                "reference": "5603d2e3ba6462b3f9e1bd310118adf86542b48e",
                "shasum": ""
            },
            "require": {
                "astakit/friwahl-core": "*",
                "typo3/flow": "*"
            },
            "type": "typo3-flow-package",
            "autoload": {
                "psr-0": {
                    "AstaKit\\FriWahl\\VoterDirectory": "Classes"
                }
            },
            "description": "Add description here",
            "support": {
                "source": "https://github.com/asta-kit/AstaKit.FriWahl.VoterDirectory/tree/master",
                "issues": "https://github.com/asta-kit/AstaKit.FriWahl.VoterDirectory/issues"
            },
            "time": "2014-07-06 10:02:22"
        },
        {
            "name": "composer/installers",
            "version": "v1.0.25",
            "source": {
                "type": "git",
                "url": "https://github.com/composer/installers.git",
                "reference": "36e5b5843203d7f1cf6ffb0305a97e014387bd8e"
            },
            "dist": {
                "type": "zip",
                "url": "https://api.github.com/repos/composer/installers/zipball/36e5b5843203d7f1cf6ffb0305a97e014387bd8e",
                "reference": "36e5b5843203d7f1cf6ffb0305a97e014387bd8e",
                "shasum": ""
            },
            "require": {
                "composer-plugin-api": "^1.0"
            },
            "replace": {
                "roundcube/plugin-installer": "*",
                "shama/baton": "*"
            },
            "require-dev": {
                "composer/composer": "1.0.*@dev",
                "phpunit/phpunit": "4.1.*"
            },
            "type": "composer-plugin",
            "extra": {
                "class": "Composer\\Installers\\Plugin",
                "branch-alias": {
                    "dev-master": "1.0-dev"
                }
            },
            "autoload": {
                "psr-4": {
                    "Composer\\Installers\\": "src/Composer/Installers"
                }
            },
            "notification-url": "https://packagist.org/downloads/",
            "license": [
                "MIT"
            ],
            "authors": [
                {
                    "name": "Kyle Robinson Young",
                    "email": "kyle@dontkry.com",
                    "homepage": "https://github.com/shama"
                }
            ],
            "description": "A multi-framework Composer library installer",
            "homepage": "https://composer.github.io/installers/",
            "keywords": [
                "Craft",
                "Dolibarr",
                "Hurad",
                "ImageCMS",
                "MODX Evo",
                "Mautic",
                "OXID",
                "SMF",
                "Thelia",
                "WolfCMS",
                "agl",
                "aimeos",
                "annotatecms",
                "bitrix",
                "cakephp",
                "chef",
                "codeigniter",
                "concrete5",
                "croogo",
                "dokuwiki",
                "drupal",
                "elgg",
                "fuelphp",
                "grav",
                "installer",
                "joomla",
                "kohana",
                "laravel",
                "lithium",
                "magento",
                "mako",
                "mediawiki",
                "modulework",
                "moodle",
                "phpbb",
                "piwik",
                "ppi",
                "puppet",
                "roundcube",
                "shopware",
                "silverstripe",
                "symfony",
                "typo3",
                "wordpress",
                "zend",
                "zikula"
            ],
            "time": "2016-04-13 19:46:30"
        },
        {
            "name": "doctrine/annotations",
            "version": "v1.2.0",
            "source": {
                "type": "git",
                "url": "https://github.com/doctrine/annotations.git",
                "reference": "d9b1a37e9351ddde1f19f09a02e3d6ee92e82efd"
            },
            "dist": {
                "type": "zip",
                "url": "https://api.github.com/repos/doctrine/annotations/zipball/d9b1a37e9351ddde1f19f09a02e3d6ee92e82efd",
                "reference": "d9b1a37e9351ddde1f19f09a02e3d6ee92e82efd",
                "shasum": ""
            },
            "require": {
                "doctrine/lexer": "1.*",
                "php": ">=5.3.2"
            },
            "require-dev": {
                "doctrine/cache": "1.*",
                "phpunit/phpunit": "4.*"
            },
            "type": "library",
            "extra": {
                "branch-alias": {
                    "dev-master": "1.3.x-dev"
                }
            },
            "autoload": {
                "psr-0": {
                    "Doctrine\\Common\\Annotations\\": "lib/"
                }
            },
            "notification-url": "https://packagist.org/downloads/",
            "license": [
                "MIT"
            ],
            "authors": [
                {
                    "name": "Jonathan Wage",
                    "email": "jonwage@gmail.com",
                    "homepage": "http://www.jwage.com/",
                    "role": "Creator"
                },
                {
                    "name": "Guilherme Blanco",
                    "email": "guilhermeblanco@gmail.com",
                    "homepage": "http://www.instaclick.com"
                },
                {
                    "name": "Roman Borschel",
                    "email": "roman@code-factory.org"
                },
                {
                    "name": "Benjamin Eberlei",
                    "email": "kontakt@beberlei.de"
                },
                {
                    "name": "Johannes Schmitt",
                    "email": "schmittjoh@gmail.com",
                    "homepage": "https://github.com/schmittjoh",
                    "role": "Developer of wrapped JMSSerializerBundle"
                }
            ],
            "description": "Docblock Annotations Parser",
            "homepage": "http://www.doctrine-project.org",
            "keywords": [
                "annotations",
                "docblock",
                "parser"
            ],
            "time": "2014-07-06 15:52:21"
        },
        {
            "name": "doctrine/cache",
            "version": "v1.2.0",
            "source": {
                "type": "git",
                "url": "https://github.com/doctrine/cache.git",
                "reference": "d0e4447707a064a5814b18cb0dcc2f24185f6179"
            },
            "dist": {
                "type": "zip",
                "url": "https://api.github.com/repos/doctrine/cache/zipball/d0e4447707a064a5814b18cb0dcc2f24185f6179",
                "reference": "d0e4447707a064a5814b18cb0dcc2f24185f6179",
                "shasum": ""
            },
            "require": {
                "php": ">=5.3.2"
            },
            "conflict": {
                "doctrine/common": ">2.2,<2.4"
            },
            "type": "library",
            "extra": {
                "branch-alias": {
                    "dev-master": "1.0.x-dev"
                }
            },
            "autoload": {
                "psr-0": {
                    "Doctrine\\Common\\Cache\\": "lib/"
                }
            },
            "notification-url": "https://packagist.org/downloads/",
            "license": [
                "MIT"
            ],
            "authors": [
                {
                    "name": "Jonathan Wage",
                    "email": "jonwage@gmail.com",
                    "homepage": "http://www.jwage.com/",
                    "role": "Creator"
                },
                {
                    "name": "Guilherme Blanco",
                    "email": "guilhermeblanco@gmail.com",
                    "homepage": "http://www.instaclick.com"
                },
                {
                    "name": "Roman Borschel",
                    "email": "roman@code-factory.org"
                },
                {
                    "name": "Benjamin Eberlei",
                    "email": "kontakt@beberlei.de"
                },
                {
                    "name": "Johannes Schmitt",
                    "email": "schmittjoh@gmail.com",
                    "homepage": "https://github.com/schmittjoh",
                    "role": "Developer of wrapped JMSSerializerBundle"
                }
            ],
            "description": "Caching library offering an object-oriented API for many cache backends",
            "homepage": "http://www.doctrine-project.org",
            "keywords": [
                "cache",
                "caching"
            ],
            "time": "2013-09-26 19:23:25"
        },
        {
            "name": "doctrine/collections",
            "version": "v1.4.0",
            "source": {
                "type": "git",
                "url": "https://github.com/doctrine/collections.git",
                "reference": "1a4fb7e902202c33cce8c55989b945612943c2ba"
            },
            "dist": {
                "type": "zip",
                "url": "https://api.github.com/repos/doctrine/collections/zipball/1a4fb7e902202c33cce8c55989b945612943c2ba",
                "reference": "1a4fb7e902202c33cce8c55989b945612943c2ba",
                "shasum": ""
            },
            "require": {
                "php": "^5.6 || ^7.0"
            },
            "require-dev": {
                "doctrine/coding-standard": "~0.1@dev",
                "phpunit/phpunit": "^5.7"
            },
            "type": "library",
            "extra": {
                "branch-alias": {
                    "dev-master": "1.3.x-dev"
                }
            },
            "autoload": {
                "psr-0": {
                    "Doctrine\\Common\\Collections\\": "lib/"
                }
            },
            "notification-url": "https://packagist.org/downloads/",
            "license": [
                "MIT"
            ],
            "authors": [
                {
                    "name": "Roman Borschel",
                    "email": "roman@code-factory.org"
                },
                {
                    "name": "Benjamin Eberlei",
                    "email": "kontakt@beberlei.de"
                },
                {
                    "name": "Guilherme Blanco",
                    "email": "guilhermeblanco@gmail.com"
                },
                {
                    "name": "Jonathan Wage",
                    "email": "jonwage@gmail.com"
                },
                {
                    "name": "Johannes Schmitt",
                    "email": "schmittjoh@gmail.com"
                }
            ],
            "description": "Collections Abstraction library",
            "homepage": "http://www.doctrine-project.org",
            "keywords": [
                "array",
                "collections",
                "iterator"
            ],
            "time": "2017-01-03 10:49:41"
        },
        {
            "name": "doctrine/common",
            "version": "v2.4.3",
            "source": {
                "type": "git",
                "url": "https://github.com/doctrine/common.git",
                "reference": "4824569127daa9784bf35219a1cd49306c795389"
            },
            "dist": {
                "type": "zip",
                "url": "https://api.github.com/repos/doctrine/common/zipball/4824569127daa9784bf35219a1cd49306c795389",
                "reference": "4824569127daa9784bf35219a1cd49306c795389",
                "shasum": ""
            },
            "require": {
                "doctrine/annotations": "1.*",
                "doctrine/cache": "1.*",
                "doctrine/collections": "1.*",
                "doctrine/inflector": "1.*",
                "doctrine/lexer": "1.*",
                "php": ">=5.3.2"
            },
            "require-dev": {
                "phpunit/phpunit": "~3.7"
            },
            "type": "library",
            "extra": {
                "branch-alias": {
                    "dev-master": "2.4.x-dev"
                }
            },
            "autoload": {
                "psr-0": {
                    "Doctrine\\Common\\": "lib/"
                }
            },
            "notification-url": "https://packagist.org/downloads/",
            "license": [
                "MIT"
            ],
            "authors": [
                {
                    "name": "Roman Borschel",
                    "email": "roman@code-factory.org"
                },
                {
                    "name": "Benjamin Eberlei",
                    "email": "kontakt@beberlei.de"
                },
                {
                    "name": "Guilherme Blanco",
                    "email": "guilhermeblanco@gmail.com"
                },
                {
                    "name": "Jonathan Wage",
                    "email": "jonwage@gmail.com"
                },
                {
                    "name": "Johannes Schmitt",
                    "email": "schmittjoh@gmail.com"
                }
            ],
            "description": "Common Library for Doctrine projects",
            "homepage": "http://www.doctrine-project.org",
            "keywords": [
                "annotations",
                "collections",
                "eventmanager",
                "persistence",
                "spl"
            ],
            "time": "2015-08-31 14:38:45"
        },
        {
            "name": "doctrine/dbal",
            "version": "2.3.5",
            "source": {
                "type": "git",
                "url": "https://github.com/doctrine/dbal.git",
                "reference": "d5067b0b7e5ef59ba165dcc116c539400bf957ff"
            },
            "dist": {
                "type": "zip",
                "url": "https://api.github.com/repos/doctrine/dbal/zipball/d5067b0b7e5ef59ba165dcc116c539400bf957ff",
                "reference": "d5067b0b7e5ef59ba165dcc116c539400bf957ff",
                "shasum": ""
            },
            "require": {
                "doctrine/common": ">=2.3.0,<2.5-dev",
                "php": ">=5.3.2"
            },
            "type": "library",
            "extra": {
                "branch-alias": {
                    "dev-master": "2.3.x-dev"
                }
            },
            "autoload": {
                "psr-0": {
                    "Doctrine\\DBAL": "lib/"
                }
            },
            "notification-url": "https://packagist.org/downloads/",
            "license": [
                "MIT"
            ],
            "authors": [
                {
                    "name": "Roman Borschel",
                    "email": "roman@code-factory.org"
                },
                {
                    "name": "Benjamin Eberlei",
                    "email": "kontakt@beberlei.de"
                },
                {
                    "name": "Guilherme Blanco",
                    "email": "guilhermeblanco@gmail.com"
                },
                {
                    "name": "Jonathan Wage",
                    "email": "jonwage@gmail.com"
                }
            ],
            "description": "Database Abstraction Layer",
            "homepage": "http://www.doctrine-project.org",
            "keywords": [
                "database",
                "dbal",
                "persistence",
                "queryobject"
            ],
            "time": "2014-09-15 11:44:29"
        },
        {
            "name": "doctrine/inflector",
            "version": "v1.1.0",
            "source": {
                "type": "git",
                "url": "https://github.com/doctrine/inflector.git",
                "reference": "90b2128806bfde671b6952ab8bea493942c1fdae"
            },
            "dist": {
                "type": "zip",
                "url": "https://api.github.com/repos/doctrine/inflector/zipball/90b2128806bfde671b6952ab8bea493942c1fdae",
                "reference": "90b2128806bfde671b6952ab8bea493942c1fdae",
                "shasum": ""
            },
            "require": {
                "php": ">=5.3.2"
            },
            "require-dev": {
                "phpunit/phpunit": "4.*"
            },
            "type": "library",
            "extra": {
                "branch-alias": {
                    "dev-master": "1.1.x-dev"
                }
            },
            "autoload": {
                "psr-0": {
                    "Doctrine\\Common\\Inflector\\": "lib/"
                }
            },
            "notification-url": "https://packagist.org/downloads/",
            "license": [
                "MIT"
            ],
            "authors": [
                {
                    "name": "Roman Borschel",
                    "email": "roman@code-factory.org"
                },
                {
                    "name": "Benjamin Eberlei",
                    "email": "kontakt@beberlei.de"
                },
                {
                    "name": "Guilherme Blanco",
                    "email": "guilhermeblanco@gmail.com"
                },
                {
                    "name": "Jonathan Wage",
                    "email": "jonwage@gmail.com"
                },
                {
                    "name": "Johannes Schmitt",
                    "email": "schmittjoh@gmail.com"
                }
            ],
            "description": "Common String Manipulations with regard to casing and singular/plural rules.",
            "homepage": "http://www.doctrine-project.org",
            "keywords": [
                "inflection",
                "pluralize",
                "singularize",
                "string"
            ],
            "time": "2015-11-06 14:35:42"
        },
        {
            "name": "doctrine/lexer",
            "version": "v1.0.1",
            "source": {
                "type": "git",
                "url": "https://github.com/doctrine/lexer.git",
                "reference": "83893c552fd2045dd78aef794c31e694c37c0b8c"
            },
            "dist": {
                "type": "zip",
                "url": "https://api.github.com/repos/doctrine/lexer/zipball/83893c552fd2045dd78aef794c31e694c37c0b8c",
                "reference": "83893c552fd2045dd78aef794c31e694c37c0b8c",
                "shasum": ""
            },
            "require": {
                "php": ">=5.3.2"
            },
            "type": "library",
            "extra": {
                "branch-alias": {
                    "dev-master": "1.0.x-dev"
                }
            },
            "autoload": {
                "psr-0": {
                    "Doctrine\\Common\\Lexer\\": "lib/"
                }
            },
            "notification-url": "https://packagist.org/downloads/",
            "license": [
                "MIT"
            ],
            "authors": [
                {
                    "name": "Roman Borschel",
                    "email": "roman@code-factory.org"
                },
                {
                    "name": "Guilherme Blanco",
                    "email": "guilhermeblanco@gmail.com"
                },
                {
                    "name": "Johannes Schmitt",
                    "email": "schmittjoh@gmail.com"
                }
            ],
            "description": "Base library for a lexer that can be used in Top-Down, Recursive Descent Parsers.",
            "homepage": "http://www.doctrine-project.org",
            "keywords": [
                "lexer",
                "parser"
            ],
            "time": "2014-09-09 13:34:57"
        },
        {
            "name": "doctrine/migrations",
            "version": "v1.0.0-alpha3",
            "source": {
                "type": "git",
                "url": "https://github.com/doctrine/migrations.git",
                "reference": "d2d18ef671b47a7d48fae54806adac87e82fe8e9"
            },
            "dist": {
                "type": "zip",
                "url": "https://api.github.com/repos/doctrine/migrations/zipball/d2d18ef671b47a7d48fae54806adac87e82fe8e9",
                "reference": "d2d18ef671b47a7d48fae54806adac87e82fe8e9",
                "shasum": ""
            },
            "require": {
                "doctrine/dbal": "~2.0",
                "php": ">=5.3.2"
            },
            "require-dev": {
                "symfony/console": "2.*",
                "symfony/yaml": "2.*"
            },
            "suggest": {
                "symfony/console": "to run the migration from the console"
            },
            "type": "library",
            "extra": {
                "branch-alias": {
                    "dev-master": "1.0.x-dev"
                }
            },
            "autoload": {
                "psr-0": {
                    "Doctrine\\DBAL\\Migrations": "lib"
                }
            },
            "notification-url": "https://packagist.org/downloads/",
            "license": [
                "LGPL-2.1"
            ],
            "authors": [
                {
                    "name": "Benjamin Eberlei",
                    "email": "kontakt@beberlei.de"
                },
                {
                    "name": "Jonathan Wage",
                    "email": "jonwage@gmail.com"
                }
            ],
            "description": "Database Schema migrations using Doctrine DBAL",
            "homepage": "http://www.doctrine-project.org",
            "keywords": [
                "database",
                "migrations"
            ],
            "time": "2015-03-22 13:09:02"
        },
        {
            "name": "doctrine/orm",
            "version": "v2.3.6",
            "source": {
                "type": "git",
                "url": "https://github.com/doctrine/doctrine2.git",
                "reference": "c2135b38216c6c8a410e764792aa368e946f2ae5"
            },
            "dist": {
                "type": "zip",
                "url": "https://api.github.com/repos/doctrine/doctrine2/zipball/c2135b38216c6c8a410e764792aa368e946f2ae5",
                "reference": "c2135b38216c6c8a410e764792aa368e946f2ae5",
                "shasum": ""
            },
            "require": {
                "doctrine/dbal": "2.3.*",
                "ext-pdo": "*",
                "php": ">=5.3.2",
                "symfony/console": "2.*"
            },
            "suggest": {
                "symfony/yaml": "If you want to use YAML Metadata Mapping Driver"
            },
            "bin": [
                "bin/doctrine",
                "bin/doctrine.php"
            ],
            "type": "library",
            "extra": {
                "branch-alias": {
                    "dev-master": "2.3.x-dev"
                }
            },
            "autoload": {
                "psr-0": {
                    "Doctrine\\ORM": "lib/"
                }
            },
            "notification-url": "https://packagist.org/downloads/",
            "license": [
                "MIT"
            ],
            "authors": [
                {
                    "name": "Jonathan Wage",
                    "email": "jonwage@gmail.com",
                    "homepage": "http://www.jwage.com/",
                    "role": "Creator"
                },
                {
                    "name": "Guilherme Blanco",
                    "email": "guilhermeblanco@gmail.com",
                    "homepage": "http://www.instaclick.com"
                },
                {
                    "name": "Roman Borschel",
                    "email": "roman@code-factory.org"
                },
                {
                    "name": "Benjamin Eberlei",
                    "email": "kontakt@beberlei.de"
                }
            ],
            "description": "Object-Relational-Mapper for PHP",
            "homepage": "http://www.doctrine-project.org",
            "keywords": [
                "database",
                "orm"
            ],
            "time": "2014-06-03 19:53:45"
        },
        {
            "name": "psr/log",
            "version": "1.0.2",
            "source": {
                "type": "git",
                "url": "https://github.com/php-fig/log.git",
                "reference": "4ebe3a8bf773a19edfe0a84b6585ba3d401b724d"
            },
            "dist": {
                "type": "zip",
                "url": "https://api.github.com/repos/php-fig/log/zipball/4ebe3a8bf773a19edfe0a84b6585ba3d401b724d",
                "reference": "4ebe3a8bf773a19edfe0a84b6585ba3d401b724d",
                "shasum": ""
            },
            "require": {
                "php": ">=5.3.0"
            },
            "type": "library",
            "extra": {
                "branch-alias": {
                    "dev-master": "1.0.x-dev"
                }
            },
            "autoload": {
                "psr-4": {
                    "Psr\\Log\\": "Psr/Log/"
                }
            },
            "notification-url": "https://packagist.org/downloads/",
            "license": [
                "MIT"
            ],
            "authors": [
                {
                    "name": "PHP-FIG",
                    "homepage": "http://www.php-fig.org/"
                }
            ],
            "description": "Common interface for logging libraries",
            "homepage": "https://github.com/php-fig/log",
            "keywords": [
                "log",
                "psr",
                "psr-3"
            ],
            "time": "2016-10-10 12:19:37"
        },
        {
            "name": "symfony/console",
            "version": "v2.8.21",
            "source": {
                "type": "git",
                "url": "https://github.com/symfony/console.git",
                "reference": "efa4d466b67c2fc9bf9419a981e683e1f99fa029"
            },
            "dist": {
                "type": "zip",
                "url": "https://api.github.com/repos/symfony/console/zipball/efa4d466b67c2fc9bf9419a981e683e1f99fa029",
                "reference": "efa4d466b67c2fc9bf9419a981e683e1f99fa029",
                "shasum": ""
            },
            "require": {
                "php": ">=5.3.9",
                "symfony/debug": "^2.7.2|~3.0.0",
                "symfony/polyfill-mbstring": "~1.0"
            },
            "require-dev": {
                "psr/log": "~1.0",
                "symfony/event-dispatcher": "~2.1|~3.0.0",
                "symfony/process": "~2.1|~3.0.0"
            },
            "suggest": {
                "psr/log": "For using the console logger",
                "symfony/event-dispatcher": "",
                "symfony/process": ""
            },
            "type": "library",
            "extra": {
                "branch-alias": {
                    "dev-master": "2.8-dev"
                }
            },
            "autoload": {
                "psr-4": {
                    "Symfony\\Component\\Console\\": ""
                },
                "exclude-from-classmap": [
                    "/Tests/"
                ]
            },
            "notification-url": "https://packagist.org/downloads/",
            "license": [
                "MIT"
            ],
            "authors": [
                {
                    "name": "Fabien Potencier",
                    "email": "fabien@symfony.com"
                },
                {
                    "name": "Symfony Community",
                    "homepage": "https://symfony.com/contributors"
                }
            ],
            "description": "Symfony Console Component",
            "homepage": "https://symfony.com",
            "time": "2017-05-28 14:07:33"
        },
        {
            "name": "symfony/debug",
            "version": "v3.0.9",
            "source": {
                "type": "git",
                "url": "https://github.com/symfony/debug.git",
                "reference": "697c527acd9ea1b2d3efac34d9806bf255278b0a"
            },
            "dist": {
                "type": "zip",
                "url": "https://api.github.com/repos/symfony/debug/zipball/697c527acd9ea1b2d3efac34d9806bf255278b0a",
                "reference": "697c527acd9ea1b2d3efac34d9806bf255278b0a",
                "shasum": ""
            },
            "require": {
                "php": ">=5.5.9",
                "psr/log": "~1.0"
            },
            "conflict": {
                "symfony/http-kernel": ">=2.3,<2.3.24|~2.4.0|>=2.5,<2.5.9|>=2.6,<2.6.2"
            },
            "require-dev": {
                "symfony/class-loader": "~2.8|~3.0",
                "symfony/http-kernel": "~2.8|~3.0"
            },
            "type": "library",
            "extra": {
                "branch-alias": {
                    "dev-master": "3.0-dev"
                }
            },
            "autoload": {
                "psr-4": {
                    "Symfony\\Component\\Debug\\": ""
                },
                "exclude-from-classmap": [
                    "/Tests/"
                ]
            },
            "notification-url": "https://packagist.org/downloads/",
            "license": [
                "MIT"
            ],
            "authors": [
                {
                    "name": "Fabien Potencier",
                    "email": "fabien@symfony.com"
                },
                {
                    "name": "Symfony Community",
                    "homepage": "https://symfony.com/contributors"
                }
            ],
            "description": "Symfony Debug Component",
            "homepage": "https://symfony.com",
            "time": "2016-07-30 07:22:48"
        },
        {
            "name": "symfony/dom-crawler",
            "version": "v2.2.11",
            "target-dir": "Symfony/Component/DomCrawler",
            "source": {
                "type": "git",
                "url": "https://github.com/symfony/dom-crawler.git",
                "reference": "64d6ffc84d8c9dd7673539f9e3c6c9b5521a497e"
            },
            "dist": {
                "type": "zip",
                "url": "https://api.github.com/repos/symfony/dom-crawler/zipball/64d6ffc84d8c9dd7673539f9e3c6c9b5521a497e",
                "reference": "64d6ffc84d8c9dd7673539f9e3c6c9b5521a497e",
                "shasum": ""
            },
            "require": {
                "php": ">=5.3.3"
            },
            "require-dev": {
                "symfony/css-selector": "~2.0"
            },
            "suggest": {
                "symfony/css-selector": "2.2.*"
            },
            "type": "library",
            "extra": {
                "branch-alias": {
                    "dev-master": "2.2-dev"
                }
            },
            "autoload": {
                "psr-0": {
                    "Symfony\\Component\\DomCrawler\\": ""
                }
            },
            "notification-url": "https://packagist.org/downloads/",
            "license": [
                "MIT"
            ],
            "authors": [
                {
                    "name": "Fabien Potencier",
                    "email": "fabien@symfony.com",
                    "homepage": "http://fabien.potencier.org",
                    "role": "Lead Developer"
                },
                {
                    "name": "Symfony Community",
                    "homepage": "http://symfony.com/contributors"
                }
            ],
            "description": "Symfony DomCrawler Component",
            "homepage": "http://symfony.com",
            "time": "2013-11-29 05:58:12"
        },
        {
            "name": "symfony/polyfill-mbstring",
            "version": "v1.3.0",
            "source": {
                "type": "git",
                "url": "https://github.com/symfony/polyfill-mbstring.git",
                "reference": "e79d363049d1c2128f133a2667e4f4190904f7f4"
            },
            "dist": {
                "type": "zip",
                "url": "https://api.github.com/repos/symfony/polyfill-mbstring/zipball/e79d363049d1c2128f133a2667e4f4190904f7f4",
                "reference": "e79d363049d1c2128f133a2667e4f4190904f7f4",
                "shasum": ""
            },
            "require": {
                "php": ">=5.3.3"
            },
            "suggest": {
                "ext-mbstring": "For best performance"
            },
            "type": "library",
            "extra": {
                "branch-alias": {
                    "dev-master": "1.3-dev"
                }
            },
            "autoload": {
                "psr-4": {
                    "Symfony\\Polyfill\\Mbstring\\": ""
                },
                "files": [
                    "bootstrap.php"
                ]
            },
            "notification-url": "https://packagist.org/downloads/",
            "license": [
                "MIT"
            ],
            "authors": [
                {
                    "name": "Nicolas Grekas",
                    "email": "p@tchwork.com"
                },
                {
                    "name": "Symfony Community",
                    "homepage": "https://symfony.com/contributors"
                }
            ],
            "description": "Symfony polyfill for the Mbstring extension",
            "homepage": "https://symfony.com",
            "keywords": [
                "compatibility",
                "mbstring",
                "polyfill",
                "portable",
                "shim"
            ],
            "time": "2016-11-14 01:06:16"
        },
        {
            "name": "symfony/yaml",
            "version": "v2.1.13",
            "target-dir": "Symfony/Component/Yaml",
            "source": {
                "type": "git",
                "url": "https://github.com/symfony/yaml.git",
                "reference": "347a7a02204433c6926ecc3f13e805bdc30e8f9f"
            },
            "dist": {
                "type": "zip",
                "url": "https://api.github.com/repos/symfony/yaml/zipball/347a7a02204433c6926ecc3f13e805bdc30e8f9f",
                "reference": "347a7a02204433c6926ecc3f13e805bdc30e8f9f",
                "shasum": ""
            },
            "require": {
                "php": ">=5.3.3"
            },
            "type": "library",
            "autoload": {
                "psr-0": {
                    "Symfony\\Component\\Yaml": ""
                }
            },
            "notification-url": "https://packagist.org/downloads/",
            "license": [
                "MIT"
            ],
            "authors": [
                {
                    "name": "Fabien Potencier",
                    "email": "fabien@symfony.com",
                    "homepage": "http://fabien.potencier.org",
                    "role": "Lead Developer"
                },
                {
                    "name": "Symfony Community",
                    "homepage": "http://symfony.com/contributors"
                }
            ],
            "description": "Symfony Yaml Component",
            "homepage": "http://symfony.com",
            "time": "2013-05-10 00:09:46"
        },
        {
            "name": "typo3/eel",
            "version": "2.1.5",
            "source": {
                "type": "git",
                "url": "https://github.com/neos/eel.git",
                "reference": "b6179055524b809c43f929384ed5edf279c8865f"
            },
            "require": {
                "typo3/flow": "2.1.*"
            },
            "type": "typo3-flow-framework",
            "autoload": {
                "psr-0": {
                    "TYPO3\\Eel": "Classes"
                }
            },
            "notification-url": "https://packagist.org/downloads/",
            "license": [
                "LGPL-3.0+"
            ],
            "description": "The Embedded Expression Language (Eel) is a building block for creating Domain Specific Languages",
            "abandoned": "neos/eel",
            "time": "2013-12-12 17:36:05"
        },
        {
            "name": "typo3/flow",
            "version": "2.1.5",
            "source": {
                "type": "git",
                "url": "https://github.com/neos/flow.git",
                "reference": "d7c8fa520dec85b527533439d79f08b6c38fbd55"
            },
            "dist": {
                "type": "zip",
                "url": "https://api.github.com/repos/neos/flow/zipball/d7c8fa520dec85b527533439d79f08b6c38fbd55",
                "reference": "d7c8fa520dec85b527533439d79f08b6c38fbd55",
                "shasum": ""
            },
            "require": {
                "composer/installers": "~1.0.2",
                "doctrine/migrations": "1.0.0-alpha3",
                "doctrine/orm": "2.3.*",
                "ext-json": ">=1.2.0",
                "ext-session": "*",
                "ext-spl": "*",
                "ext-zlib": "*",
                "php": ">=5.3.2",
                "symfony/dom-crawler": "2.2.*",
                "symfony/yaml": "2.1.*",
                "typo3/eel": "2.1.*",
                "typo3/fluid": "2.1.*",
                "typo3/party": "2.1.*"
            },
            "suggest": {
                "doctrine/data-fixtures": "To manage and execute the loading of data fixtures for the Doctrine ORM or ODM"
            },
            "type": "typo3-flow-framework",
            "autoload": {
                "psr-0": {
                    "TYPO3\\Flow": "Classes"
                }
            },
            "notification-url": "https://packagist.org/downloads/",
            "license": [
                "LGPL-3.0+"
            ],
            "description": "TYPO3 Flow Application Framework",
            "homepage": "http://flow.typo3.org",
            "abandoned": "neos/flow",
            "time": "2015-07-02 14:09:44"
        },
        {
            "name": "typo3/fluid",
            "version": "2.1.5",
            "source": {
                "type": "git",
                "url": "https://github.com/neos/fluid.git",
                "reference": "7164b0f0071f533ca33414ee5acda1ade90f8a7d"
            },
            "require": {
                "typo3/flow": "2.1.*"
            },
            "type": "typo3-flow-framework",
            "autoload": {
                "psr-0": {
                    "TYPO3\\Fluid": "Classes"
                }
            },
            "notification-url": "https://packagist.org/downloads/",
            "license": [
                "LGPL-3.0+"
            ],
            "description": "Next-Generation Templating Framework for TYPO3 Flow and TYPO3 Neos, also backported to TYPO3 CMS",
            "time": "2014-03-14 13:37:42"
        },
        {
            "name": "typo3/party",
            "version": "2.1.5",
            "source": {
                "type": "git",
                "url": "https://github.com/neos/party.git",
                "reference": "6a94f32e237100ed63930fb1f9f9ca1256812573"
            },
            "dist": {
                "type": "zip",
                "url": "https://api.github.com/repos/neos/party/zipball/6a94f32e237100ed63930fb1f9f9ca1256812573",
                "reference": "6a94f32e237100ed63930fb1f9f9ca1256812573",
                "shasum": ""
            },
            "require": {
                "typo3/flow": "2.1.*"
            },
            "type": "typo3-flow-framework",
            "autoload": {
                "psr-0": {
                    "TYPO3\\Party": "Classes"
                }
            },
            "notification-url": "https://packagist.org/downloads/",
            "license": [
                "LGPL-3.0+"
            ],
            "description": "A PHP implementation of the OASIS Customer Information Quality (CIQ) XML Standard.",
            "abandoned": "neos/party",
            "time": "2013-12-10 15:54:30"
        },
        {
            "name": "typo3/welcome",
            "version": "2.1.5",
            "source": {
                "type": "git",
                "url": "https://github.com/neos/flow-welcome.git",
                "reference": "2bf789f5a736ff0fbf4a00a4d9965caf947e9eec"
            },
            "dist": {
                "type": "zip",
                "url": "https://api.github.com/repos/neos/flow-welcome/zipball/2bf789f5a736ff0fbf4a00a4d9965caf947e9eec",
                "reference": "2bf789f5a736ff0fbf4a00a4d9965caf947e9eec",
                "shasum": ""
            },
            "require": {
                "typo3/flow": "2.1.*"
            },
            "type": "typo3-flow-framework",
            "autoload": {
                "psr-0": {
                    "TYPO3\\Welcome": "Classes"
                }
            },
            "notification-url": "https://packagist.org/downloads/",
            "license": [
                "LGPL-3.0+"
            ],
            "description": "This package provides a start screen for the TYPO3 Flow distribution with links to online resources.",
            "abandoned": "neos/welcome",
            "time": "2013-12-10 15:54:30"
        }
    ],
    "packages-dev": [
        {
            "name": "mikey179/vfsStream",
            "version": "v1.2.0",
            "source": {
                "type": "git",
                "url": "https://github.com/mikey179/vfsStream.git",
                "reference": "063fb10633f10c5ccbcac26227e94f46d9336f90"
            },
            "dist": {
                "type": "zip",
                "url": "https://api.github.com/repos/mikey179/vfsStream/zipball/063fb10633f10c5ccbcac26227e94f46d9336f90",
                "reference": "063fb10633f10c5ccbcac26227e94f46d9336f90",
                "shasum": ""
            },
            "require": {
                "php": ">=5.3.0"
            },
            "type": "library",
            "autoload": {
                "psr-0": {
                    "org\\bovigo\\vfs\\": "src/main/php"
                }
            },
            "notification-url": "https://packagist.org/downloads/",
            "license": [
                "BSD"
            ],
            "homepage": "http://vfs.bovigo.org/",
            "time": "2013-04-01 10:41:02"
        },
        {
            "name": "typo3/buildessentials",
            "version": "2.1.5",
            "source": {
                "type": "git",
                "url": "https://github.com/neos/BuildEssentials.git",
                "reference": "9a1bcd229f6f7f8333ba1458623dcb0628a27800"
            },
            "dist": {
                "type": "zip",
                "url": "https://api.github.com/repos/neos/BuildEssentials/zipball/9a1bcd229f6f7f8333ba1458623dcb0628a27800",
                "reference": "9a1bcd229f6f7f8333ba1458623dcb0628a27800",
                "shasum": ""
            },
            "require": {
                "composer/installers": "~1.0.2"
            },
            "type": "typo3-flow-build",
            "extra": {
                "installer-name": "BuildEssentials"
            },
            "notification-url": "https://packagist.org/downloads/",
            "license": [
                "LGPL-3.0+"
            ],
            "description": "TYPO3 Flow Build Toolchain Essentials",
            "time": "2014-03-26 10:32:01"
        },
        {
            "name": "typo3/kickstart",
            "version": "2.1.5",
            "source": {
                "type": "git",
                "url": "https://github.com/neos/kickstart.git",
                "reference": "eac76124e78cb180439babbcfc6fa5efe910e2d4"
            },
            "dist": {
                "type": "zip",
                "url": "https://api.github.com/repos/neos/kickstart/zipball/eac76124e78cb180439babbcfc6fa5efe910e2d4",
                "reference": "eac76124e78cb180439babbcfc6fa5efe910e2d4",
                "shasum": ""
            },
            "require": {
                "typo3/flow": "2.1.*"
            },
            "type": "typo3-flow-framework",
            "autoload": {
                "psr-0": {
                    "TYPO3\\Kickstart": "Classes"
                }
            },
            "notification-url": "https://packagist.org/downloads/",
            "license": [
                "LGPL-3.0+"
            ],
            "description": "A simple generator for controller and views.",
            "abandoned": "neos/kickstarter",
            "time": "2014-02-14 09:04:00"
        }
    ],
    "aliases": [],
    "minimum-stability": "stable",
    "stability-flags": {
        "astakit/friwahl-admininterface": 20,
        "astakit/friwahl-ballotboxbackend": 20,
        "astakit/friwahl-core": 20,
        "astakit/friwahl-voterdirectory": 20,
        "doctrine/migrations": 15
    },
    "prefer-stable": false,
    "prefer-lowest": false,
    "platform": [],
    "platform-dev": []
}
